
Microsoft Visual Studio Solution File, Format Version 12.00
# Visual Studio Version 17
VisualStudioVersion = 17.11.35222.181
MinimumVisualStudioVersion = 10.0.40219.1
Project("{9A19103F-16F7-4668-BE54-9A1E7A4F7556}") = "FineService", "FineService\FineService.csproj", "{BF445E0E-2451-4C53-B100-0391C6243D57}"
EndProject
Project("{FAE04EC0-301F-11D3-BF4B-00C04F79EFBC}") = "ConfiscationService", "Confiscation\ConfiscationService.csproj", "{5B78E277-B675-49F3-AE6D-8A754E575776}"
EndProject
Global
	GlobalSection(SolutionConfigurationPlatforms) = preSolution
		Debug|Any CPU = Debug|Any CPU
		Release|Any CPU = Release|Any CPU
	EndGlobalSection
	GlobalSection(ProjectConfigurationPlatforms) = postSolution
		{BF445E0E-2451-4C53-B100-0391C6243D57}.Debug|Any CPU.ActiveCfg = Debug|Any CPU
		{BF445E0E-2451-4C53-B100-0391C6243D57}.Debug|Any CPU.Build.0 = Debug|Any CPU
		{BF445E0E-2451-4C53-B100-0391C6243D57}.Release|Any CPU.ActiveCfg = Release|Any CPU
		{BF445E0E-2451-4C53-B100-0391C6243D57}.Release|Any CPU.Build.0 = Release|Any CPU
		{5B78E277-B675-49F3-AE6D-8A754E575776}.Debug|Any CPU.ActiveCfg = Debug|Any CPU
		{5B78E277-B675-49F3-AE6D-8A754E575776}.Debug|Any CPU.Build.0 = Debug|Any CPU
		{5B78E277-B675-49F3-AE6D-8A754E575776}.Release|Any CPU.ActiveCfg = Release|Any CPU
		{5B78E277-B675-49F3-AE6D-8A754E575776}.Release|Any CPU.Build.0 = Release|Any CPU
	EndGlobalSection
	GlobalSection(SolutionProperties) = preSolution
		HideSolutionNode = FALSE
	EndGlobalSection
	GlobalSection(ExtensibilityGlobals) = postSolution
		SolutionGuid = {B961F2BC-81B5-46F2-99C7-B896D7D1EE7D}
	EndGlobalSection
EndGlobal
