
Microsoft Visual Studio Solution File, Format Version 12.00
# Visual Studio Version 17
VisualStudioVersion = 17.11.35222.181
MinimumVisualStudioVersion = 10.0.40219.1
Project("{FAE04EC0-301F-11D3-BF4B-00C04F79EFBC}") = "Core", "Core\Core.csproj", "{B1FA9296-0191-4614-A0C9-F05CB151D557}"
EndProject
Global
	GlobalSection(SolutionConfigurationPlatforms) = preSolution
		Debug|Any CPU = Debug|Any CPU
		Release|Any CPU = Release|Any CPU
	EndGlobalSection
	GlobalSection(ProjectConfigurationPlatforms) = postSolution
		{B1FA9296-0191-4614-A0C9-F05CB151D557}.Debug|Any CPU.ActiveCfg = Debug|Any CPU
		{B1FA9296-0191-4614-A0C9-F05CB151D557}.Debug|Any CPU.Build.0 = Debug|Any CPU
		{B1FA9296-0191-4614-A0C9-F05CB151D557}.Release|Any CPU.ActiveCfg = Release|Any CPU
		{B1FA9296-0191-4614-A0C9-F05CB151D557}.Release|Any CPU.Build.0 = Release|Any CPU
	EndGlobalSection
	GlobalSection(SolutionProperties) = preSolution
		HideSolutionNode = FALSE
	EndGlobalSection
	GlobalSection(ExtensibilityGlobals) = postSolution
		SolutionGuid = {B961F2BC-81B5-46F2-99C7-B896D7D1EE7D}
	EndGlobalSection
EndGlobal
